Microsoft Visual Studio Solution File, Format Version 12.00
# Visual Studio Version 17
VisualStudioVersion = 17.5.2.0
MinimumVisualStudioVersion = 10.0.40219.1
Project("{FAE04EC0-301F-11D3-BF4B-00C04F79EFBC}") = "Daily Notes", "Daily Notes.csproj", "{101F783E-48C8-7AD2-E739-9B79833D719A}"
EndProject
Global
	GlobalSection(SolutionConfigurationPlatforms) = preSolution
		Debug|Any CPU = Debug|Any CPU
		Release|Any CPU = Release|Any CPU
	EndGlobalSection
	GlobalSection(ProjectConfigurationPlatforms) = postSolution
		{101F783E-48C8-7AD2-E739-9B79833D719A}.Debug|Any CPU.ActiveCfg = Debug|Any CPU
		{101F783E-48C8-7AD2-E739-9B79833D719A}.Debug|Any CPU.Build.0 = Debug|Any CPU
		{101F783E-48C8-7AD2-E739-9B79833D719A}.Release|Any CPU.ActiveCfg = Release|Any CPU
		{101F783E-48C8-7AD2-E739-9B79833D719A}.Release|Any CPU.Build.0 = Release|Any CPU
	EndGlobalSection
	GlobalSection(SolutionProperties) = preSolution
		HideSolutionNode = FALSE
	EndGlobalSection
	GlobalSection(ExtensibilityGlobals) = postSolution
		SolutionGuid = {8C6D6A24-5F16-40E3-9C1D-72470BCD188F}
	EndGlobalSection
EndGlobal
